
Microsoft Visual Studio Solution File, Format Version 12.00
# Visual Studio Version 17
VisualStudioVersion = 17.0.31903.59
MinimumVisualStudioVersion = 10.0.40219.1
Project("{FAE04EC0-301F-11D3-BF4B-00C04F79EFBC}") = "Lewiss.Pricing.Api", "Lewiss.Pricing.Api\Lewiss.Pricing.Api.csproj", "{820EE0CD-AC01-4F1C-A85C-8DF139C69D56}"
EndProject
Project("{FAE04EC0-301F-11D3-BF4B-00C04F79EFBC}") = "Lewiss.Pricing.Api.Tests", "Lewiss.Pricing.Api.Tests\Lewiss.Pricing.Api.Tests.csproj", "{909EDB45-F51E-4CEF-95FF-B8A71CFB2EC4}"
EndProject
Project("{FAE04EC0-301F-11D3-BF4B-00C04F79EFBC}") = "Lewiss.Pricing.Shared", "Lewiss.Pricing.Shared\Lewiss.Pricing.Shared.csproj", "{7B7C0332-5E07-4B27-B5DA-AC84AC863486}"
EndProject
Global
	GlobalSection(SolutionConfigurationPlatforms) = preSolution
		Debug|Any CPU = Debug|Any CPU
		Release|Any CPU = Release|Any CPU
	EndGlobalSection
	GlobalSection(SolutionProperties) = preSolution
		HideSolutionNode = FALSE
	EndGlobalSection
	GlobalSection(ProjectConfigurationPlatforms) = postSolution
		{820EE0CD-AC01-4F1C-A85C-8DF139C69D56}.Debug|Any CPU.ActiveCfg = Debug|Any CPU
		{820EE0CD-AC01-4F1C-A85C-8DF139C69D56}.Debug|Any CPU.Build.0 = Debug|Any CPU
		{820EE0CD-AC01-4F1C-A85C-8DF139C69D56}.Release|Any CPU.ActiveCfg = Release|Any CPU
		{820EE0CD-AC01-4F1C-A85C-8DF139C69D56}.Release|Any CPU.Build.0 = Release|Any CPU
		{909EDB45-F51E-4CEF-95FF-B8A71CFB2EC4}.Debug|Any CPU.ActiveCfg = Debug|Any CPU
		{909EDB45-F51E-4CEF-95FF-B8A71CFB2EC4}.Debug|Any CPU.Build.0 = Debug|Any CPU
		{909EDB45-F51E-4CEF-95FF-B8A71CFB2EC4}.Release|Any CPU.ActiveCfg = Release|Any CPU
		{909EDB45-F51E-4CEF-95FF-B8A71CFB2EC4}.Release|Any CPU.Build.0 = Release|Any CPU
		{7B7C0332-5E07-4B27-B5DA-AC84AC863486}.Debug|Any CPU.ActiveCfg = Debug|Any CPU
		{7B7C0332-5E07-4B27-B5DA-AC84AC863486}.Debug|Any CPU.Build.0 = Debug|Any CPU
		{7B7C0332-5E07-4B27-B5DA-AC84AC863486}.Release|Any CPU.ActiveCfg = Release|Any CPU
		{7B7C0332-5E07-4B27-B5DA-AC84AC863486}.Release|Any CPU.Build.0 = Release|Any CPU
	EndGlobalSection
EndGlobal
